
Microsoft Visual Studio Solution File, Format Version 12.00
# Visual Studio Version 16
VisualStudioVersion = 16.0.31911.196
MinimumVisualStudioVersion = 10.0.40219.1
Project("{FAE04EC0-301F-11D3-BF4B-00C04F79EFBC}") = "labaa 2.3(1)ReWrite(1)", "labaa 2.3(1)ReWrite(1).csproj", "{1C3AABEC-CEDB-4F36-84A6-0FD1817B99B5}"
EndProject
Global
	GlobalSection(SolutionConfigurationPlatforms) = preSolution
		Debug|Any CPU = Debug|Any CPU
		Release|Any CPU = Release|Any CPU
	EndGlobalSection
	GlobalSection(ProjectConfigurationPlatforms) = postSolution
		{1C3AABEC-CEDB-4F36-84A6-0FD1817B99B5}.Debug|Any CPU.ActiveCfg = Debug|Any CPU
		{1C3AABEC-CEDB-4F36-84A6-0FD1817B99B5}.Debug|Any CPU.Build.0 = Debug|Any CPU
		{1C3AABEC-CEDB-4F36-84A6-0FD1817B99B5}.Release|Any CPU.ActiveCfg = Release|Any CPU
		{1C3AABEC-CEDB-4F36-84A6-0FD1817B99B5}.Release|Any CPU.Build.0 = Release|Any CPU
	EndGlobalSection
	GlobalSection(SolutionProperties) = preSolution
		HideSolutionNode = FALSE
	EndGlobalSection
	GlobalSection(ExtensibilityGlobals) = postSolution
		SolutionGuid = {B482474D-399A-4917-9F77-0BEA60905699}
	EndGlobalSection
EndGlobal
